// !$*UTF8*$!
{
	archiveVersion = 1;
	classes = {
	};
	objectVersion = 51;
	objects = {

/* Begin PBXBuildFile section */
		0D5FFB59C5AE8D18587E5523 /* Pods_Practice.framework in Frameworks */ = {isa = PBXBuildFile; fileRef = F354C56BB7039FCB1E587001 /* Pods_Practice.framework */; };
		8B3F00E82369585F00FDD48E /* AppDelegate.swift in Sources */ = {isa = PBXBuildFile; fileRef = 8B3F00E72369585F00FDD48E /* AppDelegate.swift */; };
		8B3F00EA2369585F00FDD48E /* SceneDelegate.swift in Sources */ = {isa = PBXBuildFile; fileRef = 8B3F00E92369585F00FDD48E /* SceneDelegate.swift */; };
		8B3F00EF2369585F00FDD48E /* Main.storyboard in Resources */ = {isa = PBXBuildFile; fileRef = 8B3F00ED2369585F00FDD48E /* Main.storyboard */; };
		8B3F00F12369586300FDD48E /* Assets.xcassets in Resources */ = {isa = PBXBuildFile; fileRef = 8B3F00F02369586300FDD48E /* Assets.xcassets */; };
		8B3F00F42369586300FDD48E /* LaunchScreen.storyboard in Resources */ = {isa = PBXBuildFile; fileRef = 8B3F00F22369586300FDD48E /* LaunchScreen.storyboard */; };
		8B3F00FC2369592600FDD48E /* Extensions+UIView.swift in Sources */ = {isa = PBXBuildFile; fileRef = 8B3F00FB2369592600FDD48E /* Extensions+UIView.swift */; };
		8B4596B0236BFE7800F18DC3 /* HomeController.swift in Sources */ = {isa = PBXBuildFile; fileRef = 8B4596AF236BFE7800F18DC3 /* HomeController.swift */; };
		8B4596B2236BFF7E00F18DC3 /* SearchController.swift in Sources */ = {isa = PBXBuildFile; fileRef = 8B4596B1236BFF7E00F18DC3 /* SearchController.swift */; };
		8B4596B6236C00CB00F18DC3 /* HeartController.swift in Sources */ = {isa = PBXBuildFile; fileRef = 8B4596B5236C00CB00F18DC3 /* HeartController.swift */; };
		8B4596B8236C14E400F18DC3 /* PhotoselectorController.swift in Sources */ = {isa = PBXBuildFile; fileRef = 8B4596B7236C14E400F18DC3 /* PhotoselectorController.swift */; };
		8B4596BA236C297F00F18DC3 /* PhotoSelectorCell.swift in Sources */ = {isa = PBXBuildFile; fileRef = 8B4596B9236C297F00F18DC3 /* PhotoSelectorCell.swift */; };
		8B4596BC236C2E2900F18DC3 /* PhotoSelectorHeader.swift in Sources */ = {isa = PBXBuildFile; fileRef = 8B4596BB236C2E2900F18DC3 /* PhotoSelectorHeader.swift */; };
		8B46C2B1236AA7F000CDA5B7 /* UserProfileHeader.swift in Sources */ = {isa = PBXBuildFile; fileRef = 8B46C2B0236AA7F000CDA5B7 /* UserProfileHeader.swift */; };
		8B46C2B4236AB58100CDA5B7 /* User.swift in Sources */ = {isa = PBXBuildFile; fileRef = 8B46C2B3236AB58100CDA5B7 /* User.swift */; };
		8B46C2B6236AEC4200CDA5B7 /* LoginController.swift in Sources */ = {isa = PBXBuildFile; fileRef = 8B46C2B5236AEC4200CDA5B7 /* LoginController.swift */; };
		8B46C2B8236AF18700CDA5B7 /* LoginContainerView.swift in Sources */ = {isa = PBXBuildFile; fileRef = 8B46C2B7236AF18700CDA5B7 /* LoginContainerView.swift */; };
		8B481063236964A000BCF533 /* SignupContainerView.swift in Sources */ = {isa = PBXBuildFile; fileRef = 8B481062236964A000BCF533 /* SignupContainerView.swift */; };
		8B48106523696BD300BCF533 /* GoogleService-Info.plist in Resources */ = {isa = PBXBuildFile; fileRef = 8B48106423696BD300BCF533 /* GoogleService-Info.plist */; };
		8B481069236971B000BCF533 /* SignupController.swift in Sources */ = {isa = PBXBuildFile; fileRef = 8B481068236971B000BCF533 /* SignupController.swift */; };
		8B4ADA75236D410500CE06C6 /* ShareContainerView.swift in Sources */ = {isa = PBXBuildFile; fileRef = 8B4ADA74236D410400CE06C6 /* ShareContainerView.swift */; };
		8B4F8F692369C24700AB3EA9 /* MainTabBarController.swift in Sources */ = {isa = PBXBuildFile; fileRef = 8B4F8F682369C24700AB3EA9 /* MainTabBarController.swift */; };
		8B4F8F6B2369C3E600AB3EA9 /* UserProfileController.swift in Sources */ = {isa = PBXBuildFile; fileRef = 8B4F8F6A2369C3E600AB3EA9 /* UserProfileController.swift */; };
		8B990BCF236C8EC5006B46F9 /* SharePhotoController.swift in Sources */ = {isa = PBXBuildFile; fileRef = 8B990BCE236C8EC5006B46F9 /* SharePhotoController.swift */; };
/* End PBXBuildFile section */

/* Begin PBXFileReference section */
		844DD6E7830C3BE7AEA937C7 /* Pods-Practice.release.xcconfig */ = {isa = PBXFileReference; includeInIndex = 1; lastKnownFileType = text.xcconfig; name = "Pods-Practice.release.xcconfig"; path = "Target Support Files/Pods-Practice/Pods-Practice.release.xcconfig"; sourceTree = "<group>"; };
		8B3F00E42369585F00FDD48E /* Practice.app */ = {isa = PBXFileReference; explicitFileType = wrapper.application; includeInIndex = 0; path = Practice.app; sourceTree = BUILT_PRODUCTS_DIR; };
		8B3F00E72369585F00FDD48E /* AppDelegate.swift */ = {isa = PBXFileReference; lastKnownFileType = sourcecode.swift; path = AppDelegate.swift; sourceTree = "<group>"; };
		8B3F00E92369585F00FDD48E /* SceneDelegate.swift */ = {isa = PBXFileReference; lastKnownFileType = sourcecode.swift; path = SceneDelegate.swift; sourceTree = "<group>"; };
		8B3F00EE2369585F00FDD48E /* Base */ = {isa = PBXFileReference; lastKnownFileType = file.storyboard; name = Base; path = Base.lproj/Main.storyboard; sourceTree = "<group>"; };
		8B3F00F02369586300FDD48E /* Assets.xcassets */ = {isa = PBXFileReference; lastKnownFileType = folder.assetcatalog; path = Assets.xcassets; sourceTree = "<group>"; };
		8B3F00F32369586300FDD48E /* Base */ = {isa = PBXFileReference; lastKnownFileType = file.storyboard; name = Base; path = Base.lproj/LaunchScreen.storyboard; sourceTree = "<group>"; };
		8B3F00F52369586300FDD48E /* Info.plist */ = {isa = PBXFileReference; lastKnownFileType = text.plist.xml; path = Info.plist; sourceTree = "<group>"; };
		8B3F00FB2369592600FDD48E /* Extensions+UIView.swift */ = {isa = PBXFileReference; fileEncoding = 4; lastKnownFileType = sourcecode.swift; path = "Extensions+UIView.swift"; sourceTree = "<group>"; };
		8B4596AF236BFE7800F18DC3 /* HomeController.swift */ = {isa = PBXFileReference; lastKnownFileType = sourcecode.swift; path = HomeController.swift; sourceTree = "<group>"; };
		8B4596B1236BFF7E00F18DC3 /* SearchController.swift */ = {isa = PBXFileReference; lastKnownFileType = sourcecode.swift; path = SearchController.swift; sourceTree = "<group>"; };
		8B4596B5236C00CB00F18DC3 /* HeartController.swift */ = {isa = PBXFileReference; lastKnownFileType = sourcecode.swift; path = HeartController.swift; sourceTree = "<group>"; };
		8B4596B7236C14E400F18DC3 /* PhotoselectorController.swift */ = {isa = PBXFileReference; lastKnownFileType = sourcecode.swift; path = PhotoselectorController.swift; sourceTree = "<group>"; };
		8B4596B9236C297F00F18DC3 /* PhotoSelectorCell.swift */ = {isa = PBXFileReference; lastKnownFileType = sourcecode.swift; path = PhotoSelectorCell.swift; sourceTree = "<group>"; };
		8B4596BB236C2E2900F18DC3 /* PhotoSelectorHeader.swift */ = {isa = PBXFileReference; lastKnownFileType = sourcecode.swift; path = PhotoSelectorHeader.swift; sourceTree = "<group>"; };
		8B46C2B0236AA7F000CDA5B7 /* UserProfileHeader.swift */ = {isa = PBXFileReference; lastKnownFileType = sourcecode.swift; path = UserProfileHeader.swift; sourceTree = "<group>"; };
		8B46C2B3236AB58100CDA5B7 /* User.swift */ = {isa = PBXFileReference; lastKnownFileType = sourcecode.swift; path = User.swift; sourceTree = "<group>"; };
		8B46C2B5236AEC4200CDA5B7 /* LoginController.swift */ = {isa = PBXFileReference; lastKnownFileType = sourcecode.swift; path = LoginController.swift; sourceTree = "<group>"; };
		8B46C2B7236AF18700CDA5B7 /* LoginContainerView.swift */ = {isa = PBXFileReference; lastKnownFileType = sourcecode.swift; path = LoginContainerView.swift; sourceTree = "<group>"; };
		8B481062236964A000BCF533 /* SignupContainerView.swift */ = {isa = PBXFileReference; lastKnownFileType = sourcecode.swift; path = SignupContainerView.swift; sourceTree = "<group>"; };
		8B48106423696BD300BCF533 /* GoogleService-Info.plist */ = {isa = PBXFileReference; fileEncoding = 4; lastKnownFileType = text.plist.xml; path = "GoogleService-Info.plist"; sourceTree = "<group>"; };
		8B481068236971B000BCF533 /* SignupController.swift */ = {isa = PBXFileReference; lastKnownFileType = sourcecode.swift; path = SignupController.swift; sourceTree = "<group>"; };
		8B4ADA74236D410400CE06C6 /* ShareContainerView.swift */ = {isa = PBXFileReference; lastKnownFileType = sourcecode.swift; path = ShareContainerView.swift; sourceTree = "<group>"; };
		8B4F8F682369C24700AB3EA9 /* MainTabBarController.swift */ = {isa = PBXFileReference; lastKnownFileType = sourcecode.swift; path = MainTabBarController.swift; sourceTree = "<group>"; };
		8B4F8F6A2369C3E600AB3EA9 /* UserProfileController.swift */ = {isa = PBXFileReference; lastKnownFileType = sourcecode.swift; path = UserProfileController.swift; sourceTree = "<group>"; };
		8B990BCE236C8EC5006B46F9 /* SharePhotoController.swift */ = {isa = PBXFileReference; lastKnownFileType = sourcecode.swift; path = SharePhotoController.swift; sourceTree = "<group>"; };
		D46B602EA094B9516FAC08C5 /* Pods-Practice.debug.xcconfig */ = {isa = PBXFileReference; includeInIndex = 1; lastKnownFileType = text.xcconfig; name = "Pods-Practice.debug.xcconfig"; path = "Target Support Files/Pods-Practice/Pods-Practice.debug.xcconfig"; sourceTree = "<group>"; };
		F354C56BB7039FCB1E587001 /* Pods_Practice.framework */ = {isa = PBXFileReference; explicitFileType = wrapper.framework; includeInIndex = 0; path = Pods_Practice.framework; sourceTree = BUILT_PRODUCTS_DIR; };
/* End PBXFileReference section */

/* Begin PBXFrameworksBuildPhase section */
		8B3F00E12369585F00FDD48E /* Frameworks */ = {
			isa = PBXFrameworksBuildPhase;
			buildActionMask = 2147483647;
			files = (
				0D5FFB59C5AE8D18587E5523 /* Pods_Practice.framework in Frameworks */,
			);
			runOnlyForDeploymentPostprocessing = 0;
		};
/* End PBXFrameworksBuildPhase section */

/* Begin PBXGroup section */
		250026B6749250CA79FFCC03 /* Pods */ = {
			isa = PBXGroup;
			children = (
				D46B602EA094B9516FAC08C5 /* Pods-Practice.debug.xcconfig */,
				844DD6E7830C3BE7AEA937C7 /* Pods-Practice.release.xcconfig */,
			);
			path = Pods;
			sourceTree = "<group>";
		};
		8B3F00DB2369585F00FDD48E = {
			isa = PBXGroup;
			children = (
				8B3F00E62369585F00FDD48E /* Practice */,
				8B3F00E52369585F00FDD48E /* Products */,
				250026B6749250CA79FFCC03 /* Pods */,
				E24B23A6367BCC5F72391377 /* Frameworks */,
			);
			sourceTree = "<group>";
		};
		8B3F00E52369585F00FDD48E /* Products */ = {
			isa = PBXGroup;
			children = (
				8B3F00E42369585F00FDD48E /* Practice.app */,
			);
			name = Products;
			sourceTree = "<group>";
		};
		8B3F00E62369585F00FDD48E /* Practice */ = {
			isa = PBXGroup;
			children = (
				8B3F00E72369585F00FDD48E /* AppDelegate.swift */,
				8B3F00E92369585F00FDD48E /* SceneDelegate.swift */,
				8B46C2B2236AB56500CDA5B7 /* Models */,
				8B4810602369645300BCF533 /* Views */,
				8B4810612369646900BCF533 /* Controllers */,
				8B3F00ED2369585F00FDD48E /* Main.storyboard */,
				8B48105F23695C4400BCF533 /* Utilities */,
				8B3F00F02369586300FDD48E /* Assets.xcassets */,
				8B3F00F22369586300FDD48E /* LaunchScreen.storyboard */,
				8B3F00F52369586300FDD48E /* Info.plist */,
				8B48106423696BD300BCF533 /* GoogleService-Info.plist */,
			);
			path = Practice;
			sourceTree = "<group>";
		};
		8B46C2B2236AB56500CDA5B7 /* Models */ = {
			isa = PBXGroup;
			children = (
				8B46C2B3236AB58100CDA5B7 /* User.swift */,
			);
			path = Models;
			sourceTree = "<group>";
		};
		8B48105F23695C4400BCF533 /* Utilities */ = {
			isa = PBXGroup;
			children = (
				8B3F00FB2369592600FDD48E /* Extensions+UIView.swift */,
			);
			path = Utilities;
			sourceTree = "<group>";
		};
		8B4810602369645300BCF533 /* Views */ = {
			isa = PBXGroup;
			children = (
				8B481062236964A000BCF533 /* SignupContainerView.swift */,
				8B46C2B0236AA7F000CDA5B7 /* UserProfileHeader.swift */,
				8B46C2B7236AF18700CDA5B7 /* LoginContainerView.swift */,
				8B4596B9236C297F00F18DC3 /* PhotoSelectorCell.swift */,
				8B4596BB236C2E2900F18DC3 /* PhotoSelectorHeader.swift */,
				8B4ADA74236D410400CE06C6 /* ShareContainerView.swift */,
			);
			path = Views;
			sourceTree = "<group>";
		};
		8B4810612369646900BCF533 /* Controllers */ = {
			isa = PBXGroup;
			children = (
				8B4F8F682369C24700AB3EA9 /* MainTabBarController.swift */,
				8B481068236971B000BCF533 /* SignupController.swift */,
				8B4F8F6A2369C3E600AB3EA9 /* UserProfileController.swift */,
				8B46C2B5236AEC4200CDA5B7 /* LoginController.swift */,
				8B4596AF236BFE7800F18DC3 /* HomeController.swift */,
				8B4596B1236BFF7E00F18DC3 /* SearchController.swift */,
				8B4596B5236C00CB00F18DC3 /* HeartController.swift */,
				8B4596B7236C14E400F18DC3 /* PhotoselectorController.swift */,
				8B990BCE236C8EC5006B46F9 /* SharePhotoController.swift */,
			);
			path = Controllers;
			sourceTree = "<group>";
		};
		E24B23A6367BCC5F72391377 /* Frameworks */ = {
			isa = PBXGroup;
			children = (
				F354C56BB7039FCB1E587001 /* Pods_Practice.framework */,
			);
			name = Frameworks;
			sourceTree = "<group>";
		};
/* End PBXGroup section */

/* Begin PBXNativeTarget section */
		8B3F00E32369585F00FDD48E /* Practice */ = {
			isa = PBXNativeTarget;
			buildConfigurationList = 8B3F00F82369586300FDD48E /* Build configuration list for PBXNativeTarget "Practice" */;
			buildPhases = (
				8FA427FA31D33E8C45FDEB04 /* [CP] Check Pods Manifest.lock */,
				8B3F00E02369585F00FDD48E /* Sources */,
				8B3F00E12369585F00FDD48E /* Frameworks */,
				8B3F00E22369585F00FDD48E /* Resources */,
				9ED2346E77E37518A470C6E0 /* [CP] Embed Pods Frameworks */,
			);
			buildRules = (
			);
			dependencies = (
			);
			name = Practice;
			productName = Practice;
			productReference = 8B3F00E42369585F00FDD48E /* Practice.app */;
			productType = "com.apple.product-type.application";
		};
/* End PBXNativeTarget section */

/* Begin PBXProject section */
		8B3F00DC2369585F00FDD48E /* Project object */ = {
			isa = PBXProject;
			attributes = {
				LastSwiftUpdateCheck = 1110;
				LastUpgradeCheck = 1110;
				ORGANIZATIONNAME = "Avisa Poshtkouhi";
				TargetAttributes = {
					8B3F00E32369585F00FDD48E = {
						CreatedOnToolsVersion = 11.1;
					};
				};
			};
			buildConfigurationList = 8B3F00DF2369585F00FDD48E /* Build configuration list for PBXProject "Practice" */;
			compatibilityVersion = "Xcode 9.3";
			developmentRegion = en;
			hasScannedForEncodings = 0;
			knownRegions = (
				en,
				Base,
			);
			mainGroup = 8B3F00DB2369585F00FDD48E;
			productRefGroup = 8B3F00E52369585F00FDD48E /* Products */;
			projectDirPath = "";
			projectRoot = "";
			targets = (
				8B3F00E32369585F00FDD48E /* Practice */,
			);
		};
/* End PBXProject section */

/* Begin PBXResourcesBuildPhase section */
		8B3F00E22369585F00FDD48E /* Resources */ = {
			isa = PBXResourcesBuildPhase;
			buildActionMask = 2147483647;
			files = (
				8B3F00F42369586300FDD48E /* LaunchScreen.storyboard in Resources */,
				8B48106523696BD300BCF533 /* GoogleService-Info.plist in Resources */,
				8B3F00F12369586300FDD48E /* Assets.xcassets in Resources */,
				8B3F00EF2369585F00FDD48E /* Main.storyboard in Resources */,
			);
			runOnlyForDeploymentPostprocessing = 0;
		};
/* End PBXResourcesBuildPhase section */

/* Begin PBXShellScriptBuildPhase section */
		8FA427FA31D33E8C45FDEB04 /* [CP] Check Pods Manifest.lock */ = {
			isa = PBXShellScriptBuildPhase;
			buildActionMask = 2147483647;
			files = (
			);
			inputFileListPaths = (
			);
			inputPaths = (
				"${PODS_PODFILE_DIR_PATH}/Podfile.lock",
				"${PODS_ROOT}/Manifest.lock",
			);
			name = "[CP] Check Pods Manifest.lock";
			outputFileListPaths = (
			);
			outputPaths = (
				"$(DERIVED_FILE_DIR)/Pods-Practice-checkManifestLockResult.txt",
			);
			runOnlyForDeploymentPostprocessing = 0;
			shellPath = /bin/sh;
			shellScript = "diff \"${PODS_PODFILE_DIR_PATH}/Podfile.lock\" \"${PODS_ROOT}/Manifest.lock\" > /dev/null\nif [ $? != 0 ] ; then\n    # print error to STDERR\n    echo \"error: The sandbox is not in sync with the Podfile.lock. Run 'pod install' or update your CocoaPods installation.\" >&2\n    exit 1\nfi\n# This output is used by Xcode 'outputs' to avoid re-running this script phase.\necho \"SUCCESS\" > \"${SCRIPT_OUTPUT_FILE_0}\"\n";
			showEnvVarsInLog = 0;
		};
		9ED2346E77E37518A470C6E0 /* [CP] Embed Pods Frameworks */ = {
			isa = PBXShellScriptBuildPhase;
			buildActionMask = 2147483647;
			files = (
			);
			inputFileListPaths = (
				"${PODS_ROOT}/Target Support Files/Pods-Practice/Pods-Practice-frameworks-${CONFIGURATION}-input-files.xcfilelist",
			);
			name = "[CP] Embed Pods Frameworks";
			outputFileListPaths = (
				"${PODS_ROOT}/Target Support Files/Pods-Practice/Pods-Practice-frameworks-${CONFIGURATION}-output-files.xcfilelist",
			);
			runOnlyForDeploymentPostprocessing = 0;
			shellPath = /bin/sh;
			shellScript = "\"${PODS_ROOT}/Target Support Files/Pods-Practice/Pods-Practice-frameworks.sh\"\n";
			showEnvVarsInLog = 0;
		};
/* End PBXShellScriptBuildPhase section */

/* Begin PBXSourcesBuildPhase section */
		8B3F00E02369585F00FDD48E /* Sources */ = {
			isa = PBXSourcesBuildPhase;
			buildActionMask = 2147483647;
			files = (
				8B481063236964A000BCF533 /* SignupContainerView.swift in Sources */,
				8B3F00E82369585F00FDD48E /* AppDelegate.swift in Sources */,
				8B4F8F692369C24700AB3EA9 /* MainTabBarController.swift in Sources */,
				8B4596B2236BFF7E00F18DC3 /* SearchController.swift in Sources */,
				8B46C2B1236AA7F000CDA5B7 /* UserProfileHeader.swift in Sources */,
				8B3F00FC2369592600FDD48E /* Extensions+UIView.swift in Sources */,
				8B990BCF236C8EC5006B46F9 /* SharePhotoController.swift in Sources */,
				8B4596B8236C14E400F18DC3 /* PhotoselectorController.swift in Sources */,
				8B46C2B4236AB58100CDA5B7 /* User.swift in Sources */,
				8B4F8F6B2369C3E600AB3EA9 /* UserProfileController.swift in Sources */,
				8B4ADA75236D410500CE06C6 /* ShareContainerView.swift in Sources */,
				8B4596BC236C2E2900F18DC3 /* PhotoSelectorHeader.swift in Sources */,
				8B4596B6236C00CB00F18DC3 /* HeartController.swift in Sources */,
				8B481069236971B000BCF533 /* SignupController.swift in Sources */,
				8B4596B0236BFE7800F18DC3 /* HomeController.swift in Sources */,
				8B3F00EA2369585F00FDD48E /* SceneDelegate.swift in Sources */,
				8B4596BA236C297F00F18DC3 /* PhotoSelectorCell.swift in Sources */,
				8B46C2B8236AF18700CDA5B7 /* LoginContainerView.swift in Sources */,
				8B46C2B6236AEC4200CDA5B7 /* LoginController.swift in Sources */,
			);
			runOnlyForDeploymentPostprocessing = 0;
		};
/* End PBXSourcesBuildPhase section */

/* Begin PBXVariantGroup section */
		8B3F00ED2369585F00FDD48E /* Main.storyboard */ = {
			isa = PBXVariantGroup;
			children = (
				8B3F00EE2369585F00FDD48E /* Base */,
			);
			name = Main.storyboard;
			sourceTree = "<group>";
		};
		8B3F00F22369586300FDD48E /* LaunchScreen.storyboard */ = {
			isa = PBXVariantGroup;
			children = (
				8B3F00F32369586300FDD48E /* Base */,
			);
			name = LaunchScreen.storyboard;
			sourceTree = "<group>";
		};
/* End PBXVariantGroup section */

/* Begin XCBuildConfiguration section */
		8B3F00F62369586300FDD48E /* Debug */ = {
			isa = XCBuildConfiguration;
			buildSettings = {
				ALWAYS_SEARCH_USER_PATHS = NO;
				CLANG_ANALYZER_NONNULL = YES;
				CLANG_ANALYZER_NUMBER_OBJECT_CONVERSION = YES_AGGRESSIVE;
				CLANG_CXX_LANGUAGE_STANDARD = "gnu++14";
				CLANG_CXX_LIBRARY = "libc++";
				CLANG_ENABLE_MODULES = YES;
				CLANG_ENABLE_OBJC_ARC = YES;
				CLANG_ENABLE_OBJC_WEAK = YES;
				CLANG_WARN_BLOCK_CAPTURE_AUTORELEASING = YES;
				CLANG_WARN_BOOL_CONVERSION = YES;
				CLANG_WARN_COMMA = YES;
				CLANG_WARN_CONSTANT_CONVERSION = YES;
				CLANG_WARN_DEPRECATED_OBJC_IMPLEMENTATIONS = YES;
				CLANG_WARN_DIRECT_OBJC_ISA_USAGE = YES_ERROR;
				CLANG_WARN_DOCUMENTATION_COMMENTS = YES;
				CLANG_WARN_EMPTY_BODY = YES;
				CLANG_WARN_ENUM_CONVERSION = YES;
				CLANG_WARN_INFINITE_RECURSION = YES;
				CLANG_WARN_INT_CONVERSION = YES;
				CLANG_WARN_NON_LITERAL_NULL_CONVERSION = YES;
				CLANG_WARN_OBJC_IMPLICIT_RETAIN_SELF = YES;
				CLANG_WARN_OBJC_LITERAL_CONVERSION = YES;
				CLANG_WARN_OBJC_ROOT_CLASS = YES_ERROR;
				CLANG_WARN_RANGE_LOOP_ANALYSIS = YES;
				CLANG_WARN_STRICT_PROTOTYPES = YES;
				CLANG_WARN_SUSPICIOUS_MOVE = YES;
				CLANG_WARN_UNGUARDED_AVAILABILITY = YES_AGGRESSIVE;
				CLANG_WARN_UNREACHABLE_CODE = YES;
				CLANG_WARN__DUPLICATE_METHOD_MATCH = YES;
				COPY_PHASE_STRIP = NO;
				DEBUG_INFORMATION_FORMAT = dwarf;
				ENABLE_STRICT_OBJC_MSGSEND = YES;
				ENABLE_TESTABILITY = YES;
				GCC_C_LANGUAGE_STANDARD = gnu11;
				GCC_DYNAMIC_NO_PIC = NO;
				GCC_NO_COMMON_BLOCKS = YES;
				GCC_OPTIMIZATION_LEVEL = 0;
				GCC_PREPROCESSOR_DEFINITIONS = (
					"DEBUG=1",
					"$(inherited)",
				);
				GCC_WARN_64_TO_32_BIT_CONVERSION = YES;
				GCC_WARN_ABOUT_RETURN_TYPE = YES_ERROR;
				GCC_WARN_UNDECLARED_SELECTOR = YES;
				GCC_WARN_UNINITIALIZED_AUTOS = YES_AGGRESSIVE;
				GCC_WARN_UNUSED_FUNCTION = YES;
				GCC_WARN_UNUSED_VARIABLE = YES;
				IPHONEOS_DEPLOYMENT_TARGET = 13.1;
				MTL_ENABLE_DEBUG_INFO = INCLUDE_SOURCE;
				MTL_FAST_MATH = YES;
				ONLY_ACTIVE_ARCH = YES;
				SDKROOT = iphoneos;
				SWIFT_ACTIVE_COMPILATION_CONDITIONS = DEBUG;
				SWIFT_OPTIMIZATION_LEVEL = "-Onone";
			};
			name = Debug;
		};
		8B3F00F72369586300FDD48E /* Release */ = {
			isa = XCBuildConfiguration;
			buildSettings = {
				ALWAYS_SEARCH_USER_PATHS = NO;
				CLANG_ANALYZER_NONNULL = YES;
				CLANG_ANALYZER_NUMBER_OBJECT_CONVERSION = YES_AGGRESSIVE;
				CLANG_CXX_LANGUAGE_STANDARD = "gnu++14";
				CLANG_CXX_LIBRARY = "libc++";
				CLANG_ENABLE_MODULES = YES;
				CLANG_ENABLE_OBJC_ARC = YES;
				CLANG_ENABLE_OBJC_WEAK = YES;
				CLANG_WARN_BLOCK_CAPTURE_AUTORELEASING = YES;
				CLANG_WARN_BOOL_CONVERSION = YES;
				CLANG_WARN_COMMA = YES;
				CLANG_WARN_CONSTANT_CONVERSION = YES;
				CLANG_WARN_DEPRECATED_OBJC_IMPLEMENTATIONS = YES;
				CLANG_WARN_DIRECT_OBJC_ISA_USAGE = YES_ERROR;
				CLANG_WARN_DOCUMENTATION_COMMENTS = YES;
				CLANG_WARN_EMPTY_BODY = YES;
				CLANG_WARN_ENUM_CONVERSION = YES;
				CLANG_WARN_INFINITE_RECURSION = YES;
				CLANG_WARN_INT_CONVERSION = YES;
				CLANG_WARN_NON_LITERAL_NULL_CONVERSION = YES;
				CLANG_WARN_OBJC_IMPLICIT_RETAIN_SELF = YES;
				CLANG_WARN_OBJC_LITERAL_CONVERSION = YES;
				CLANG_WARN_OBJC_ROOT_CLASS = YES_ERROR;
				CLANG_WARN_RANGE_LOOP_ANALYSIS = YES;
				CLANG_WARN_STRICT_PROTOTYPES = YES;
				CLANG_WARN_SUSPICIOUS_MOVE = YES;
				CLANG_WARN_UNGUARDED_AVAILABILITY = YES_AGGRESSIVE;
				CLANG_WARN_UNREACHABLE_CODE = YES;
				CLANG_WARN__DUPLICATE_METHOD_MATCH = YES;
				COPY_PHASE_STRIP = NO;
				DEBUG_INFORMATION_FORMAT = "dwarf-with-dsym";
				ENABLE_NS_ASSERTIONS = NO;
				ENABLE_STRICT_OBJC_MSGSEND = YES;
				GCC_C_LANGUAGE_STANDARD = gnu11;
				GCC_NO_COMMON_BLOCKS = YES;
				GCC_WARN_64_TO_32_BIT_CONVERSION = YES;
				GCC_WARN_ABOUT_RETURN_TYPE = YES_ERROR;
				GCC_WARN_UNDECLARED_SELECTOR = YES;
				GCC_WARN_UNINITIALIZED_AUTOS = YES_AGGRESSIVE;
				GCC_WARN_UNUSED_FUNCTION = YES;
				GCC_WARN_UNUSED_VARIABLE = YES;
				IPHONEOS_DEPLOYMENT_TARGET = 13.1;
				MTL_ENABLE_DEBUG_INFO = NO;
				MTL_FAST_MATH = YES;
				SDKROOT = iphoneos;
				SWIFT_COMPILATION_MODE = wholemodule;
				SWIFT_OPTIMIZATION_LEVEL = "-O";
				VALIDATE_PRODUCT = YES;
			};
			name = Release;
		};
		8B3F00F92369586300FDD48E /* Debug */ = {
			isa = XCBuildConfiguration;
			baseConfigurationReference = D46B602EA094B9516FAC08C5 /* Pods-Practice.debug.xcconfig */;
			buildSettings = {
				ASSETCATALOG_COMPILER_APPICON_NAME = AppIcon;
				CODE_SIGN_STYLE = Automatic;
				DEVELOPMENT_TEAM = KPS76U7566;
				INFOPLIST_FILE = Practice/Info.plist;
				LD_RUNPATH_SEARCH_PATHS = (
					"$(inherited)",
					"@executable_path/Frameworks",
				);
				PRODUCT_BUNDLE_IDENTIFIER = com.AvisaPoshtkouhi.Practice;
				PRODUCT_NAME = "$(TARGET_NAME)";
				SWIFT_VERSION = 5.0;
				TARGETED_DEVICE_FAMILY = "1,2";
			};
			name = Debug;
		};
		8B3F00FA2369586300FDD48E /* Release */ = {
			isa = XCBuildConfiguration;
			baseConfigurationReference = 844DD6E7830C3BE7AEA937C7 /* Pods-Practice.release.xcconfig */;
			buildSettings = {
				ASSETCATALOG_COMPILER_APPICON_NAME = AppIcon;
				CODE_SIGN_STYLE = Automatic;
				DEVELOPMENT_TEAM = KPS76U7566;
				INFOPLIST_FILE = Practice/Info.plist;
				LD_RUNPATH_SEARCH_PATHS = (
					"$(inherited)",
					"@executable_path/Frameworks",
				);
				PRODUCT_BUNDLE_IDENTIFIER = com.AvisaPoshtkouhi.Practice;
				PRODUCT_NAME = "$(TARGET_NAME)";
				SWIFT_VERSION = 5.0;
				TARGETED_DEVICE_FAMILY = "1,2";
			};
			name = Release;
		};
/* End XCBuildConfiguration section */

/* Begin XCConfigurationList section */
		8B3F00DF2369585F00FDD48E /* Build configuration list for PBXProject "Practice" */ = {
			isa = XCConfigurationList;
			buildConfigurations = (
				8B3F00F62369586300FDD48E /* Debug */,
				8B3F00F72369586300FDD48E /* Release */,
			);
			defaultConfigurationIsVisible = 0;
			defaultConfigurationName = Release;
		};
		8B3F00F82369586300FDD48E /* Build configuration list for PBXNativeTarget "Practice" */ = {
			isa = XCConfigurationList;
			buildConfigurations = (
				8B3F00F92369586300FDD48E /* Debug */,
				8B3F00FA2369586300FDD48E /* Release */,
			);
			defaultConfigurationIsVisible = 0;
			defaultConfigurationName = Release;
		};
/* End XCConfigurationList section */
	};
	rootObject = 8B3F00DC2369585F00FDD48E /* Project object */;
}
